
Microsoft Visual Studio Solution File, Format Version 12.00
# Visual Studio Version 17
VisualStudioVersion = 17.6.33723.286
MinimumVisualStudioVersion = 10.0.40219.1
Project("{9A19103F-16F7-4668-BE54-9A1E7A4F7556}") = "Doctor_Attendance", "Doctor_Attendance.csproj", "{0B54DFD8-C6C2-42E4-A8E8-78301BA67AD1}"
EndProject
Project("{9A19103F-16F7-4668-BE54-9A1E7A4F7556}") = "Doctor_Attendance.Models", "..\Doctor_Attendance.Models\Doctor_Attendance.Models.csproj", "{A5B7B38B-4771-41A6-BE5D-E3327DE6EF94}"
EndProject
Project("{9A19103F-16F7-4668-BE54-9A1E7A4F7556}") = "Doctor_Attendance.Services", "..\Doctor_Attendance.Services\Doctor_Attendance.Services.csproj", "{870F56DA-9849-4823-9947-CAD25A6FEA69}"
EndProject
Global
	GlobalSection(SolutionConfigurationPlatforms) = preSolution
		Debug|Any CPU = Debug|Any CPU
		Release|Any CPU = Release|Any CPU
	EndGlobalSection
	GlobalSection(ProjectConfigurationPlatforms) = postSolution
		{0B54DFD8-C6C2-42E4-A8E8-78301BA67AD1}.Debug|Any CPU.ActiveCfg = Debug|Any CPU
		{0B54DFD8-C6C2-42E4-A8E8-78301BA67AD1}.Debug|Any CPU.Build.0 = Debug|Any CPU
		{0B54DFD8-C6C2-42E4-A8E8-78301BA67AD1}.Release|Any CPU.ActiveCfg = Release|Any CPU
		{0B54DFD8-C6C2-42E4-A8E8-78301BA67AD1}.Release|Any CPU.Build.0 = Release|Any CPU
		{A5B7B38B-4771-41A6-BE5D-E3327DE6EF94}.Debug|Any CPU.ActiveCfg = Debug|Any CPU
		{A5B7B38B-4771-41A6-BE5D-E3327DE6EF94}.Debug|Any CPU.Build.0 = Debug|Any CPU
		{A5B7B38B-4771-41A6-BE5D-E3327DE6EF94}.Release|Any CPU.ActiveCfg = Release|Any CPU
		{A5B7B38B-4771-41A6-BE5D-E3327DE6EF94}.Release|Any CPU.Build.0 = Release|Any CPU
		{870F56DA-9849-4823-9947-CAD25A6FEA69}.Debug|Any CPU.ActiveCfg = Debug|Any CPU
		{870F56DA-9849-4823-9947-CAD25A6FEA69}.Debug|Any CPU.Build.0 = Debug|Any CPU
		{870F56DA-9849-4823-9947-CAD25A6FEA69}.Release|Any CPU.ActiveCfg = Release|Any CPU
		{870F56DA-9849-4823-9947-CAD25A6FEA69}.Release|Any CPU.Build.0 = Release|Any CPU
	EndGlobalSection
	GlobalSection(SolutionProperties) = preSolution
		HideSolutionNode = FALSE
	EndGlobalSection
	GlobalSection(ExtensibilityGlobals) = postSolution
		SolutionGuid = {775D64B4-4260-4DD8-8A97-392770B0F2C3}
	EndGlobalSection
EndGlobal
